
Microsoft Visual Studio Solution File, Format Version 12.00
# Visual Studio Version 17
VisualStudioVersion = 17.14.37111.16 d17.14
MinimumVisualStudioVersion = 10.0.40219.1
Project("{8BC9CEB8-8B4A-11D0-8D11-00A0C91BC942}") = "CudaImageConvolution", "CudaImageConvolution.vcxproj", "{BC1BF50C-4F7A-D35B-A326-DD3EB8DFBF14}"
EndProject
Global
	GlobalSection(SolutionConfigurationPlatforms) = preSolution
		Debug|x64 = Debug|x64
		Release|x64 = Release|x64
	EndGlobalSection
	GlobalSection(ProjectConfigurationPlatforms) = postSolution
		{BC1BF50C-4F7A-D35B-A326-DD3EB8DFBF14}.Debug|x64.ActiveCfg = Debug|x64
		{BC1BF50C-4F7A-D35B-A326-DD3EB8DFBF14}.Debug|x64.Build.0 = Debug|x64
		{BC1BF50C-4F7A-D35B-A326-DD3EB8DFBF14}.Release|x64.ActiveCfg = Release|x64
		{BC1BF50C-4F7A-D35B-A326-DD3EB8DFBF14}.Release|x64.Build.0 = Release|x64
	EndGlobalSection
	GlobalSection(SolutionProperties) = preSolution
		HideSolutionNode = FALSE
	EndGlobalSection
	GlobalSection(ExtensibilityGlobals) = postSolution
		SolutionGuid = {43AA3CB1-8FED-4B92-AAC8-01A61AEE7699}
	EndGlobalSection
EndGlobal
